
Microsoft Visual Studio Solution File, Format Version 12.00
# Visual Studio Version 16
VisualStudioVersion = 16.0.29009.5
MinimumVisualStudioVersion = 10.0.40219.1
Project("{FAE04EC0-301F-11D3-BF4B-00C04F79EFBC}") = "SpaceAppDataAPI", "SpaceAppDataAPI\SpaceAppDataAPI.csproj", "{C08E50D0-7CA8-4AD9-BCC6-829E01FD67A8}"
EndProject
Project("{FAE04EC0-301F-11D3-BF4B-00C04F79EFBC}") = "SpaceApp.Common", "SpaceApp.Common\SpaceApp.Common.csproj", "{7A7DD567-213A-4CED-BE7F-26673850E858}"
EndProject
Global
	GlobalSection(SolutionConfigurationPlatforms) = preSolution
		Debug|Any CPU = Debug|Any CPU
		Release|Any CPU = Release|Any CPU
	EndGlobalSection
	GlobalSection(ProjectConfigurationPlatforms) = postSolution
		{C08E50D0-7CA8-4AD9-BCC6-829E01FD67A8}.Debug|Any CPU.ActiveCfg = Debug|Any CPU
		{C08E50D0-7CA8-4AD9-BCC6-829E01FD67A8}.Debug|Any CPU.Build.0 = Debug|Any CPU
		{C08E50D0-7CA8-4AD9-BCC6-829E01FD67A8}.Release|Any CPU.ActiveCfg = Release|Any CPU
		{C08E50D0-7CA8-4AD9-BCC6-829E01FD67A8}.Release|Any CPU.Build.0 = Release|Any CPU
		{7A7DD567-213A-4CED-BE7F-26673850E858}.Debug|Any CPU.ActiveCfg = Debug|Any CPU
		{7A7DD567-213A-4CED-BE7F-26673850E858}.Debug|Any CPU.Build.0 = Debug|Any CPU
		{7A7DD567-213A-4CED-BE7F-26673850E858}.Release|Any CPU.ActiveCfg = Release|Any CPU
		{7A7DD567-213A-4CED-BE7F-26673850E858}.Release|Any CPU.Build.0 = Release|Any CPU
	EndGlobalSection
	GlobalSection(SolutionProperties) = preSolution
		HideSolutionNode = FALSE
	EndGlobalSection
	GlobalSection(ExtensibilityGlobals) = postSolution
		SolutionGuid = {E4B97743-9F4B-4B53-B434-D6EC4F777F66}
	EndGlobalSection
EndGlobal
